
Microsoft Visual Studio Solution File, Format Version 12.00
# Visual Studio Version 17
VisualStudioVersion = 17.11.35303.130
MinimumVisualStudioVersion = 10.0.40219.1
Project("{FAE04EC0-301F-11D3-BF4B-00C04F79EFBC}") = "BookCollectionApp", "BookCollectionApp\BookCollectionApp.csproj", "{4006A929-D382-4A1C-95B8-959FE803076D}"
EndProject
Project("{2150E333-8FDC-42A3-9474-1A3956D46DE8}") = "Элементы решения", "Элементы решения", "{8575D2E7-59D5-49FF-8BE9-7FAAD6A0D600}"
EndProject
Global
	GlobalSection(SolutionConfigurationPlatforms) = preSolution
		Debug|Any CPU = Debug|Any CPU
		Release|Any CPU = Release|Any CPU
	EndGlobalSection
	GlobalSection(ProjectConfigurationPlatforms) = postSolution
		{4006A929-D382-4A1C-95B8-959FE803076D}.Debug|Any CPU.ActiveCfg = Debug|Any CPU
		{4006A929-D382-4A1C-95B8-959FE803076D}.Debug|Any CPU.Build.0 = Debug|Any CPU
		{4006A929-D382-4A1C-95B8-959FE803076D}.Release|Any CPU.ActiveCfg = Release|Any CPU
		{4006A929-D382-4A1C-95B8-959FE803076D}.Release|Any CPU.Build.0 = Release|Any CPU
	EndGlobalSection
	GlobalSection(SolutionProperties) = preSolution
		HideSolutionNode = FALSE
	EndGlobalSection
	GlobalSection(ExtensibilityGlobals) = postSolution
		SolutionGuid = {46D09893-9F01-42B0-A66B-DD3D73C52077}
	EndGlobalSection
EndGlobal
